// !$*UTF8*$!
{
	archiveVersion = 1;
	classes = {
	};
	objectVersion = 56;
	objects = {

/* Begin PBXBuildFile section */
		2881AABB2BB39F1800381454 /* AppDelegate.swift in Sources */ = {isa = PBXBuildFile; fileRef = 2881AABA2BB39F1800381454 /* AppDelegate.swift */; };
		2881AABD2BB39F1800381454 /* SceneDelegate.swift in Sources */ = {isa = PBXBuildFile; fileRef = 2881AABC2BB39F1800381454 /* SceneDelegate.swift */; };
		2881AABF2BB39F1800381454 /* ViewController.swift in Sources */ = {isa = PBXBuildFile; fileRef = 2881AABE2BB39F1800381454 /* ViewController.swift */; };
		2881AAC22BB39F1800381454 /* Main.storyboard in Resources */ = {isa = PBXBuildFile; fileRef = 2881AAC02BB39F1800381454 /* Main.storyboard */; };
		2881AAC52BB39F1800381454 /* BigemMaharjan_Assignment8_Networking.xcdatamodeld in Sources */ = {isa = PBXBuildFile; fileRef = 2881AAC32BB39F1800381454 /* BigemMaharjan_Assignment8_Networking.xcdatamodeld */; };
		2881AAC72BB39F1900381454 /* Assets.xcassets in Resources */ = {isa = PBXBuildFile; fileRef = 2881AAC62BB39F1900381454 /* Assets.xcassets */; };
		2881AACA2BB39F1900381454 /* LaunchScreen.storyboard in Resources */ = {isa = PBXBuildFile; fileRef = 2881AAC82BB39F1900381454 /* LaunchScreen.storyboard */; };
/* End PBXBuildFile section */

/* Begin PBXFileReference section */
		2881AAB72BB39F1800381454 /* BigemMaharjan_Assignment8_Networking.app */ = {isa = PBXFileReference; explicitFileType = wrapper.application; includeInIndex = 0; path = BigemMaharjan_Assignment8_Networking.app; sourceTree = BUILT_PRODUCTS_DIR; };
		2881AABA2BB39F1800381454 /* AppDelegate.swift */ = {isa = PBXFileReference; lastKnownFileType = sourcecode.swift; path = AppDelegate.swift; sourceTree = "<group>"; };
		2881AABC2BB39F1800381454 /* SceneDelegate.swift */ = {isa = PBXFileReference; lastKnownFileType = sourcecode.swift; path = SceneDelegate.swift; sourceTree = "<group>"; };
		2881AABE2BB39F1800381454 /* ViewController.swift */ = {isa = PBXFileReference; lastKnownFileType = sourcecode.swift; path = ViewController.swift; sourceTree = "<group>"; };
		2881AAC12BB39F1800381454 /* Base */ = {isa = PBXFileReference; lastKnownFileType = file.storyboard; name = Base; path = Base.lproj/Main.storyboard; sourceTree = "<group>"; };
		2881AAC42BB39F1800381454 /* BigemMaharjan_Assignment8_Networking.xcdatamodel */ = {isa = PBXFileReference; lastKnownFileType = wrapper.xcdatamodel; path = BigemMaharjan_Assignment8_Networking.xcdatamodel; sourceTree = "<group>"; };
		2881AAC62BB39F1900381454 /* Assets.xcassets */ = {isa = PBXFileReference; lastKnownFileType = folder.assetcatalog; path = Assets.xcassets; sourceTree = "<group>"; };
		2881AAC92BB39F1900381454 /* Base */ = {isa = PBXFileReference; lastKnownFileType = file.storyboard; name = Base; path = Base.lproj/LaunchScreen.storyboard; sourceTree = "<group>"; };
		2881AACB2BB39F1900381454 /* Info.plist */ = {isa = PBXFileReference; lastKnownFileType = text.plist.xml; path = Info.plist; sourceTree = "<group>"; };
/* End PBXFileReference section */

/* Begin PBXFrameworksBuildPhase section */
		2881AAB42BB39F1800381454 /* Frameworks */ = {
			isa = PBXFrameworksBuildPhase;
			buildActionMask = 2147483647;
			files = (
			);
			runOnlyForDeploymentPostprocessing = 0;
		};
/* End PBXFrameworksBuildPhase section */

/* Begin PBXGroup section */
		2881AAAE2BB39F1800381454 = {
			isa = PBXGroup;
			children = (
				2881AAB92BB39F1800381454 /* BigemMaharjan_Assignment8_Networking */,
				2881AAB82BB39F1800381454 /* Products */,
			);
			sourceTree = "<group>";
		};
		2881AAB82BB39F1800381454 /* Products */ = {
			isa = PBXGroup;
			children = (
				2881AAB72BB39F1800381454 /* BigemMaharjan_Assignment8_Networking.app */,
			);
			name = Products;
			sourceTree = "<group>";
		};
		2881AAB92BB39F1800381454 /* BigemMaharjan_Assignment8_Networking */ = {
			isa = PBXGroup;
			children = (
				2881AABA2BB39F1800381454 /* AppDelegate.swift */,
				2881AABC2BB39F1800381454 /* SceneDelegate.swift */,
				2881AABE2BB39F1800381454 /* ViewController.swift */,
				2881AAC02BB39F1800381454 /* Main.storyboard */,
				2881AAC62BB39F1900381454 /* Assets.xcassets */,
				2881AAC82BB39F1900381454 /* LaunchScreen.storyboard */,
				2881AACB2BB39F1900381454 /* Info.plist */,
				2881AAC32BB39F1800381454 /* BigemMaharjan_Assignment8_Networking.xcdatamodeld */,
			);
			path = BigemMaharjan_Assignment8_Networking;
			sourceTree = "<group>";
		};
/* End PBXGroup section */

/* Begin PBXNativeTarget section */
		2881AAB62BB39F1800381454 /* BigemMaharjan_Assignment8_Networking */ = {
			isa = PBXNativeTarget;
			buildConfigurationList = 2881AACE2BB39F1900381454 /* Build configuration list for PBXNativeTarget "BigemMaharjan_Assignment8_Networking" */;
			buildPhases = (
				2881AAB32BB39F1800381454 /* Sources */,
				2881AAB42BB39F1800381454 /* Frameworks */,
				2881AAB52BB39F1800381454 /* Resources */,
			);
			buildRules = (
			);
			dependencies = (
			);
			name = BigemMaharjan_Assignment8_Networking;
			productName = BigemMaharjan_Assignment8_Networking;
			productReference = 2881AAB72BB39F1800381454 /* BigemMaharjan_Assignment8_Networking.app */;
			productType = "com.apple.product-type.application";
		};
/* End PBXNativeTarget section */

/* Begin PBXProject section */
		2881AAAF2BB39F1800381454 /* Project object */ = {
			isa = PBXProject;
			attributes = {
				BuildIndependentTargetsInParallel = 1;
				LastSwiftUpdateCheck = 1420;
				LastUpgradeCheck = 1420;
				TargetAttributes = {
					2881AAB62BB39F1800381454 = {
						CreatedOnToolsVersion = 14.2;
					};
				};
			};
			buildConfigurationList = 2881AAB22BB39F1800381454 /* Build configuration list for PBXProject "BigemMaharjan_Assignment8_Networking" */;
			compatibilityVersion = "Xcode 14.0";
			developmentRegion = en;
			hasScannedForEncodings = 0;
			knownRegions = (
				en,
				Base,
			);
			mainGroup = 2881AAAE2BB39F1800381454;
			productRefGroup = 2881AAB82BB39F1800381454 /* Products */;
			projectDirPath = "";
			projectRoot = "";
			targets = (
				2881AAB62BB39F1800381454 /* BigemMaharjan_Assignment8_Networking */,
			);
		};
/* End PBXProject section */

/* Begin PBXResourcesBuildPhase section */
		2881AAB52BB39F1800381454 /* Resources */ = {
			isa = PBXResourcesBuildPhase;
			buildActionMask = 2147483647;
			files = (
				2881AACA2BB39F1900381454 /* LaunchScreen.storyboard in Resources */,
				2881AAC72BB39F1900381454 /* Assets.xcassets in Resources */,
				2881AAC22BB39F1800381454 /* Main.storyboard in Resources */,
			);
			runOnlyForDeploymentPostprocessing = 0;
		};
/* End PBXResourcesBuildPhase section */

/* Begin PBXSourcesBuildPhase section */
		2881AAB32BB39F1800381454 /* Sources */ = {
			isa = PBXSourcesBuildPhase;
			buildActionMask = 2147483647;
			files = (
				2881AABF2BB39F1800381454 /* ViewController.swift in Sources */,
				2881AABB2BB39F1800381454 /* AppDelegate.swift in Sources */,
				2881AAC52BB39F1800381454 /* BigemMaharjan_Assignment8_Networking.xcdatamodeld in Sources */,
				2881AABD2BB39F1800381454 /* SceneDelegate.swift in Sources */,
			);
			runOnlyForDeploymentPostprocessing = 0;
		};
/* End PBXSourcesBuildPhase section */

/* Begin PBXVariantGroup section */
		2881AAC02BB39F1800381454 /* Main.storyboard */ = {
			isa = PBXVariantGroup;
			children = (
				2881AAC12BB39F1800381454 /* Base */,
			);
			name = Main.storyboard;
			sourceTree = "<group>";
		};
		2881AAC82BB39F1900381454 /* LaunchScreen.storyboard */ = {
			isa = PBXVariantGroup;
			children = (
				2881AAC92BB39F1900381454 /* Base */,
			);
			name = LaunchScreen.storyboard;
			sourceTree = "<group>";
		};
/* End PBXVariantGroup section */

/* Begin XCBuildConfiguration section */
		2881AACC2BB39F1900381454 /* Debug */ = {
			isa = XCBuildConfiguration;
			buildSettings = {
				ALWAYS_SEARCH_USER_PATHS = NO;
				CLANG_ANALYZER_NONNULL = YES;
				CLANG_ANALYZER_NUMBER_OBJECT_CONVERSION = YES_AGGRESSIVE;
				CLANG_CXX_LANGUAGE_STANDARD = "gnu++20";
				CLANG_ENABLE_MODULES = YES;
				CLANG_ENABLE_OBJC_ARC = YES;
				CLANG_ENABLE_OBJC_WEAK = YES;
				CLANG_WARN_BLOCK_CAPTURE_AUTORELEASING = YES;
				CLANG_WARN_BOOL_CONVERSION = YES;
				CLANG_WARN_COMMA = YES;
				CLANG_WARN_CONSTANT_CONVERSION = YES;
				CLANG_WARN_DEPRECATED_OBJC_IMPLEMENTATIONS = YES;
				CLANG_WARN_DIRECT_OBJC_ISA_USAGE = YES_ERROR;
				CLANG_WARN_DOCUMENTATION_COMMENTS = YES;
				CLANG_WARN_EMPTY_BODY = YES;
				CLANG_WARN_ENUM_CONVERSION = YES;
				CLANG_WARN_INFINITE_RECURSION = YES;
				CLANG_WARN_INT_CONVERSION = YES;
				CLANG_WARN_NON_LITERAL_NULL_CONVERSION = YES;
				CLANG_WARN_OBJC_IMPLICIT_RETAIN_SELF = YES;
				CLANG_WARN_OBJC_LITERAL_CONVERSION = YES;
				CLANG_WARN_OBJC_ROOT_CLASS = YES_ERROR;
				CLANG_WARN_QUOTED_INCLUDE_IN_FRAMEWORK_HEADER = YES;
				CLANG_WARN_RANGE_LOOP_ANALYSIS = YES;
				CLANG_WARN_STRICT_PROTOTYPES = YES;
				CLANG_WARN_SUSPICIOUS_MOVE = YES;
				CLANG_WARN_UNGUARDED_AVAILABILITY = YES_AGGRESSIVE;
				CLANG_WARN_UNREACHABLE_CODE = YES;
				CLANG_WARN__DUPLICATE_METHOD_MATCH = YES;
				COPY_PHASE_STRIP = NO;
				DEBUG_INFORMATION_FORMAT = dwarf;
				ENABLE_STRICT_OBJC_MSGSEND = YES;
				ENABLE_TESTABILITY = YES;
				GCC_C_LANGUAGE_STANDARD = gnu11;
				GCC_DYNAMIC_NO_PIC = NO;
				GCC_NO_COMMON_BLOCKS = YES;
				GCC_OPTIMIZATION_LEVEL = 0;
				GCC_PREPROCESSOR_DEFINITIONS = (
					"DEBUG=1",
					"$(inherited)",
				);
				GCC_WARN_64_TO_32_BIT_CONVERSION = YES;
				GCC_WARN_ABOUT_RETURN_TYPE = YES_ERROR;
				GCC_WARN_UNDECLARED_SELECTOR = YES;
				GCC_WARN_UNINITIALIZED_AUTOS = YES_AGGRESSIVE;
				GCC_WARN_UNUSED_FUNCTION = YES;
				GCC_WARN_UNUSED_VARIABLE = YES;
				IPHONEOS_DEPLOYMENT_TARGET = 16.2;
				MTL_ENABLE_DEBUG_INFO = INCLUDE_SOURCE;
				MTL_FAST_MATH = YES;
				ONLY_ACTIVE_ARCH = YES;
				SDKROOT = iphoneos;
				SWIFT_ACTIVE_COMPILATION_CONDITIONS = DEBUG;
				SWIFT_OPTIMIZATION_LEVEL = "-Onone";
			};
			name = Debug;
		};
		2881AACD2BB39F1900381454 /* Release */ = {
			isa = XCBuildConfiguration;
			buildSettings = {
				ALWAYS_SEARCH_USER_PATHS = NO;
				CLANG_ANALYZER_NONNULL = YES;
				CLANG_ANALYZER_NUMBER_OBJECT_CONVERSION = YES_AGGRESSIVE;
				CLANG_CXX_LANGUAGE_STANDARD = "gnu++20";
				CLANG_ENABLE_MODULES = YES;
				CLANG_ENABLE_OBJC_ARC = YES;
				CLANG_ENABLE_OBJC_WEAK = YES;
				CLANG_WARN_BLOCK_CAPTURE_AUTORELEASING = YES;
				CLANG_WARN_BOOL_CONVERSION = YES;
				CLANG_WARN_COMMA = YES;
				CLANG_WARN_CONSTANT_CONVERSION = YES;
				CLANG_WARN_DEPRECATED_OBJC_IMPLEMENTATIONS = YES;
				CLANG_WARN_DIRECT_OBJC_ISA_USAGE = YES_ERROR;
				CLANG_WARN_DOCUMENTATION_COMMENTS = YES;
				CLANG_WARN_EMPTY_BODY = YES;
				CLANG_WARN_ENUM_CONVERSION = YES;
				CLANG_WARN_INFINITE_RECURSION = YES;
				CLANG_WARN_INT_CONVERSION = YES;
				CLANG_WARN_NON_LITERAL_NULL_CONVERSION = YES;
				CLANG_WARN_OBJC_IMPLICIT_RETAIN_SELF = YES;
				CLANG_WARN_OBJC_LITERAL_CONVERSION = YES;
				CLANG_WARN_OBJC_ROOT_CLASS = YES_ERROR;
				CLANG_WARN_QUOTED_INCLUDE_IN_FRAMEWORK_HEADER = YES;
				CLANG_WARN_RANGE_LOOP_ANALYSIS = YES;
				CLANG_WARN_STRICT_PROTOTYPES = YES;
				CLANG_WARN_SUSPICIOUS_MOVE = YES;
				CLANG_WARN_UNGUARDED_AVAILABILITY = YES_AGGRESSIVE;
				CLANG_WARN_UNREACHABLE_CODE = YES;
				CLANG_WARN__DUPLICATE_METHOD_MATCH = YES;
				COPY_PHASE_STRIP = NO;
				DEBUG_INFORMATION_FORMAT = "dwarf-with-dsym";
				ENABLE_NS_ASSERTIONS = NO;
				ENABLE_STRICT_OBJC_MSGSEND = YES;
				GCC_C_LANGUAGE_STANDARD = gnu11;
				GCC_NO_COMMON_BLOCKS = YES;
				GCC_WARN_64_TO_32_BIT_CONVERSION = YES;
				GCC_WARN_ABOUT_RETURN_TYPE = YES_ERROR;
				GCC_WARN_UNDECLARED_SELECTOR = YES;
				GCC_WARN_UNINITIALIZED_AUTOS = YES_AGGRESSIVE;
				GCC_WARN_UNUSED_FUNCTION = YES;
				GCC_WARN_UNUSED_VARIABLE = YES;
				IPHONEOS_DEPLOYMENT_TARGET = 16.2;
				MTL_ENABLE_DEBUG_INFO = NO;
				MTL_FAST_MATH = YES;
				SDKROOT = iphoneos;
				SWIFT_COMPILATION_MODE = wholemodule;
				SWIFT_OPTIMIZATION_LEVEL = "-O";
				VALIDATE_PRODUCT = YES;
			};
			name = Release;
		};
		2881AACF2BB39F1900381454 /* Debug */ = {
			isa = XCBuildConfiguration;
			buildSettings = {
				ASSETCATALOG_COMPILER_APPICON_NAME = AppIcon;
				ASSETCATALOG_COMPILER_GLOBAL_ACCENT_COLOR_NAME = AccentColor;
				CODE_SIGN_STYLE = Automatic;
				CURRENT_PROJECT_VERSION = 1;
				DEVELOPMENT_TEAM = QLTN58446L;
				GENERATE_INFOPLIST_FILE = YES;
				INFOPLIST_FILE = BigemMaharjan_Assignment8_Networking/Info.plist;
				INFOPLIST_KEY_NSLocationAlwaysAndWhenInUseUsageDescription = "";
				INFOPLIST_KEY_NSLocationUsageDescription = "";
				INFOPLIST_KEY_NSLocationWhenInUseUsageDescription = "";
				INFOPLIST_KEY_UIApplicationSupportsIndirectInputEvents = YES;
				INFOPLIST_KEY_UILaunchStoryboardName = LaunchScreen;
				INFOPLIST_KEY_UIMainStoryboardFile = Main;
				INFOPLIST_KEY_UISupportedInterfaceOrientations = UIInterfaceOrientationPortrait;
				LD_RUNPATH_SEARCH_PATHS = (
					"$(inherited)",
					"@executable_path/Frameworks",
				);
				MARKETING_VERSION = 1.0;
				PRODUCT_BUNDLE_IDENTIFIER = "com.Networking.Lab8.BigemMaharjan-Assignment8-Networking";
				PRODUCT_NAME = "$(TARGET_NAME)";
				SWIFT_EMIT_LOC_STRINGS = YES;
				SWIFT_VERSION = 5.0;
				TARGETED_DEVICE_FAMILY = "1,2";
			};
			name = Debug;
		};
		2881AAD02BB39F1900381454 /* Release */ = {
			isa = XCBuildConfiguration;
			buildSettings = {
				ASSETCATALOG_COMPILER_APPICON_NAME = AppIcon;
				ASSETCATALOG_COMPILER_GLOBAL_ACCENT_COLOR_NAME = AccentColor;
				CODE_SIGN_STYLE = Automatic;
				CURRENT_PROJECT_VERSION = 1;
				DEVELOPMENT_TEAM = QLTN58446L;
				GENERATE_INFOPLIST_FILE = YES;
				INFOPLIST_FILE = BigemMaharjan_Assignment8_Networking/Info.plist;
				INFOPLIST_KEY_NSLocationAlwaysAndWhenInUseUsageDescription = "";
				INFOPLIST_KEY_NSLocationUsageDescription = "";
				INFOPLIST_KEY_NSLocationWhenInUseUsageDescription = "";
				INFOPLIST_KEY_UIApplicationSupportsIndirectInputEvents = YES;
				INFOPLIST_KEY_UILaunchStoryboardName = LaunchScreen;
				INFOPLIST_KEY_UIMainStoryboardFile = Main;
				INFOPLIST_KEY_UISupportedInterfaceOrientations = UIInterfaceOrientationPortrait;
				LD_RUNPATH_SEARCH_PATHS = (
					"$(inherited)",
					"@executable_path/Frameworks",
				);
				MARKETING_VERSION = 1.0;
				PRODUCT_BUNDLE_IDENTIFIER = "com.Networking.Lab8.BigemMaharjan-Assignment8-Networking";
				PRODUCT_NAME = "$(TARGET_NAME)";
				SWIFT_EMIT_LOC_STRINGS = YES;
				SWIFT_VERSION = 5.0;
				TARGETED_DEVICE_FAMILY = "1,2";
			};
			name = Release;
		};
/* End XCBuildConfiguration section */

/* Begin XCConfigurationList section */
		2881AAB22BB39F1800381454 /* Build configuration list for PBXProject "BigemMaharjan_Assignment8_Networking" */ = {
			isa = XCConfigurationList;
			buildConfigurations = (
				2881AACC2BB39F1900381454 /* Debug */,
				2881AACD2BB39F1900381454 /* Release */,
			);
			defaultConfigurationIsVisible = 0;
			defaultConfigurationName = Release;
		};
		2881AACE2BB39F1900381454 /* Build configuration list for PBXNativeTarget "BigemMaharjan_Assignment8_Networking" */ = {
			isa = XCConfigurationList;
			buildConfigurations = (
				2881AACF2BB39F1900381454 /* Debug */,
				2881AAD02BB39F1900381454 /* Release */,
			);
			defaultConfigurationIsVisible = 0;
			defaultConfigurationName = Release;
		};
/* End XCConfigurationList section */

/* Begin XCVersionGroup section */
		2881AAC32BB39F1800381454 /* BigemMaharjan_Assignment8_Networking.xcdatamodeld */ = {
			isa = XCVersionGroup;
			children = (
				2881AAC42BB39F1800381454 /* BigemMaharjan_Assignment8_Networking.xcdatamodel */,
			);
			currentVersion = 2881AAC42BB39F1800381454 /* BigemMaharjan_Assignment8_Networking.xcdatamodel */;
			path = BigemMaharjan_Assignment8_Networking.xcdatamodeld;
			sourceTree = "<group>";
			versionGroupType = wrapper.xcdatamodel;
		};
/* End XCVersionGroup section */
	};
	rootObject = 2881AAAF2BB39F1800381454 /* Project object */;
}
